// !$*UTF8*$!
{
	archiveVersion = 1;
	classes = {
	};
	objectVersion = 46;
	objects = {

/* Begin PBXBuildFile section */
		A85F883D1AB7113D00064845 /* ListingItemViewController.swift in Sources */ = {isa = PBXBuildFile; fileRef = A85F883C1AB7113D00064845 /* ListingItemViewController.swift */; };
		A85F883F1AB7135B00064845 /* UserProfileViewController.swift in Sources */ = {isa = PBXBuildFile; fileRef = A85F883E1AB7135B00064845 /* UserProfileViewController.swift */; };
		A85F88411AB7161000064845 /* DetailedItemViewController.swift in Sources */ = {isa = PBXBuildFile; fileRef = A85F88401AB7161000064845 /* DetailedItemViewController.swift */; };
		A8A65CB51AC1041600646F8E /* ChatWindowViewController.swift in Sources */ = {isa = PBXBuildFile; fileRef = A8A65CB41AC1041600646F8E /* ChatWindowViewController.swift */; };
		A8D04F021AB926A2005E8446 /* ItemListTableViewCell.swift in Sources */ = {isa = PBXBuildFile; fileRef = A8D04F011AB926A2005E8446 /* ItemListTableViewCell.swift */; };
		A8F3D7D81AB6C23800F98297 /* EmailLoginViewController.swift in Sources */ = {isa = PBXBuildFile; fileRef = A8F3D7D71AB6C23800F98297 /* EmailLoginViewController.swift */; };
		A8F3D7DA1AB6C30B00F98297 /* EmailSignupViewController.swift in Sources */ = {isa = PBXBuildFile; fileRef = A8F3D7D91AB6C30B00F98297 /* EmailSignupViewController.swift */; };
		A8F928E31AB17BFB006AB6AB /* AppDelegate.swift in Sources */ = {isa = PBXBuildFile; fileRef = A8F928E21AB17BFB006AB6AB /* AppDelegate.swift */; };
		A8F928EA1AB17BFB006AB6AB /* Images.xcassets in Resources */ = {isa = PBXBuildFile; fileRef = A8F928E91AB17BFB006AB6AB /* Images.xcassets */; };
		A8F928ED1AB17BFB006AB6AB /* LaunchScreen.xib in Resources */ = {isa = PBXBuildFile; fileRef = A8F928EB1AB17BFB006AB6AB /* LaunchScreen.xib */; };
		A8F928F91AB17BFB006AB6AB /* karmaTests.swift in Sources */ = {isa = PBXBuildFile; fileRef = A8F928F81AB17BFB006AB6AB /* karmaTests.swift */; };
		A8F929041AB2BC82006AB6AB /* Bolts.framework in Frameworks */ = {isa = PBXBuildFile; fileRef = A8F929021AB2BC82006AB6AB /* Bolts.framework */; };
		A8F929051AB2BC82006AB6AB /* Parse.framework in Frameworks */ = {isa = PBXBuildFile; fileRef = A8F929031AB2BC82006AB6AB /* Parse.framework */; };
		A8F929071AB2BCA8006AB6AB /* AudioToolbox.framework in Frameworks */ = {isa = PBXBuildFile; fileRef = A8F929061AB2BCA8006AB6AB /* AudioToolbox.framework */; };
		A8F929091AB2BCBB006AB6AB /* CFNetwork.framework in Frameworks */ = {isa = PBXBuildFile; fileRef = A8F929081AB2BCBB006AB6AB /* CFNetwork.framework */; };
		A8F9290B1AB2BCC1006AB6AB /* CoreGraphics.framework in Frameworks */ = {isa = PBXBuildFile; fileRef = A8F9290A1AB2BCC1006AB6AB /* CoreGraphics.framework */; };
		A8F9290D1AB2BCC6006AB6AB /* CoreLocation.framework in Frameworks */ = {isa = PBXBuildFile; fileRef = A8F9290C1AB2BCC6006AB6AB /* CoreLocation.framework */; };
		A8F9290F1AB2BCCC006AB6AB /* MobileCoreServices.framework in Frameworks */ = {isa = PBXBuildFile; fileRef = A8F9290E1AB2BCCC006AB6AB /* MobileCoreServices.framework */; };
		A8F929111AB2BCD2006AB6AB /* QuartzCore.framework in Frameworks */ = {isa = PBXBuildFile; fileRef = A8F929101AB2BCD2006AB6AB /* QuartzCore.framework */; };
		A8F929131AB2BCD8006AB6AB /* Security.framework in Frameworks */ = {isa = PBXBuildFile; fileRef = A8F929121AB2BCD8006AB6AB /* Security.framework */; };
		A8F929151AB2BCDD006AB6AB /* StoreKit.framework in Frameworks */ = {isa = PBXBuildFile; fileRef = A8F929141AB2BCDD006AB6AB /* StoreKit.framework */; };
		A8F929171AB2BCE6006AB6AB /* SystemConfiguration.framework in Frameworks */ = {isa = PBXBuildFile; fileRef = A8F929161AB2BCE6006AB6AB /* SystemConfiguration.framework */; };
		A8F929191AB2BCEE006AB6AB /* libz.dylib in Frameworks */ = {isa = PBXBuildFile; fileRef = A8F929181AB2BCEE006AB6AB /* libz.dylib */; };
		A8F9291B1AB2BCF7006AB6AB /* libsqlite3.dylib in Frameworks */ = {isa = PBXBuildFile; fileRef = A8F9291A1AB2BCF7006AB6AB /* libsqlite3.dylib */; };
		A8F929211AB2C09A006AB6AB /* FacebookSDK.framework in Frameworks */ = {isa = PBXBuildFile; fileRef = A8F929201AB2C09A006AB6AB /* FacebookSDK.framework */; };
		A8F929291AB2CB69006AB6AB /* LandingPageViewController.swift in Sources */ = {isa = PBXBuildFile; fileRef = A8F929281AB2CB69006AB6AB /* LandingPageViewController.swift */; };
		A8F9292B1AB2CBE8006AB6AB /* ParseFacebookUtils.framework in Frameworks */ = {isa = PBXBuildFile; fileRef = A8F9292A1AB2CBE8006AB6AB /* ParseFacebookUtils.framework */; };
		A8F929341AB5B936006AB6AB /* Main.storyboard in Resources */ = {isa = PBXBuildFile; fileRef = A8F929321AB5B936006AB6AB /* Main.storyboard */; };
		A8F929361AB5BADE006AB6AB /* ItemListTableViewController.swift in Sources */ = {isa = PBXBuildFile; fileRef = A8F929351AB5BADE006AB6AB /* ItemListTableViewController.swift */; };
/* End PBXBuildFile section */

/* Begin PBXContainerItemProxy section */
		A8F928F31AB17BFB006AB6AB /* PBXContainerItemProxy */ = {
			isa = PBXContainerItemProxy;
			containerPortal = A8F928D51AB17BFB006AB6AB /* Project object */;
			proxyType = 1;
			remoteGlobalIDString = A8F928DC1AB17BFB006AB6AB;
			remoteInfo = karma;
		};
/* End PBXContainerItemProxy section */

/* Begin PBXFileReference section */
		A85F883C1AB7113D00064845 /* ListingItemViewController.swift */ = {isa = PBXFileReference; fileEncoding = 4; lastKnownFileType = sourcecode.swift; path = ListingItemViewController.swift; sourceTree = "<group>"; };
		A85F883E1AB7135B00064845 /* UserProfileViewController.swift */ = {isa = PBXFileReference; fileEncoding = 4; lastKnownFileType = sourcecode.swift; path = UserProfileViewController.swift; sourceTree = "<group>"; };
		A85F88401AB7161000064845 /* DetailedItemViewController.swift */ = {isa = PBXFileReference; fileEncoding = 4; lastKnownFileType = sourcecode.swift; path = DetailedItemViewController.swift; sourceTree = "<group>"; };
		A8A65CB41AC1041600646F8E /* ChatWindowViewController.swift */ = {isa = PBXFileReference; fileEncoding = 4; lastKnownFileType = sourcecode.swift; path = ChatWindowViewController.swift; sourceTree = "<group>"; };
		A8D04F011AB926A2005E8446 /* ItemListTableViewCell.swift */ = {isa = PBXFileReference; fileEncoding = 4; lastKnownFileType = sourcecode.swift; path = ItemListTableViewCell.swift; sourceTree = "<group>"; };
		A8F3D7D71AB6C23800F98297 /* EmailLoginViewController.swift */ = {isa = PBXFileReference; fileEncoding = 4; lastKnownFileType = sourcecode.swift; path = EmailLoginViewController.swift; sourceTree = "<group>"; };
		A8F3D7D91AB6C30B00F98297 /* EmailSignupViewController.swift */ = {isa = PBXFileReference; fileEncoding = 4; lastKnownFileType = sourcecode.swift; path = EmailSignupViewController.swift; sourceTree = "<group>"; };
		A8F928DD1AB17BFB006AB6AB /* karma.app */ = {isa = PBXFileReference; explicitFileType = wrapper.application; includeInIndex = 0; path = karma.app; sourceTree = BUILT_PRODUCTS_DIR; };
		A8F928E11AB17BFB006AB6AB /* Info.plist */ = {isa = PBXFileReference; lastKnownFileType = text.plist.xml; path = Info.plist; sourceTree = "<group>"; };
		A8F928E21AB17BFB006AB6AB /* AppDelegate.swift */ = {isa = PBXFileReference; lastKnownFileType = sourcecode.swift; path = AppDelegate.swift; sourceTree = "<group>"; };
		A8F928E91AB17BFB006AB6AB /* Images.xcassets */ = {isa = PBXFileReference; lastKnownFileType = folder.assetcatalog; path = Images.xcassets; sourceTree = "<group>"; };
		A8F928EC1AB17BFB006AB6AB /* Base */ = {isa = PBXFileReference; lastKnownFileType = file.xib; name = Base; path = Base.lproj/LaunchScreen.xib; sourceTree = "<group>"; };
		A8F928F21AB17BFB006AB6AB /* karmaTests.xctest */ = {isa = PBXFileReference; explicitFileType = wrapper.cfbundle; includeInIndex = 0; path = karmaTests.xctest; sourceTree = BUILT_PRODUCTS_DIR; };
		A8F928F71AB17BFB006AB6AB /* Info.plist */ = {isa = PBXFileReference; lastKnownFileType = text.plist.xml; path = Info.plist; sourceTree = "<group>"; };
		A8F928F81AB17BFB006AB6AB /* karmaTests.swift */ = {isa = PBXFileReference; lastKnownFileType = sourcecode.swift; path = karmaTests.swift; sourceTree = "<group>"; };
		A8F929021AB2BC82006AB6AB /* Bolts.framework */ = {isa = PBXFileReference; lastKnownFileType = wrapper.framework; name = Bolts.framework; path = karma/Bolts.framework; sourceTree = "<group>"; };
		A8F929031AB2BC82006AB6AB /* Parse.framework */ = {isa = PBXFileReference; lastKnownFileType = wrapper.framework; name = Parse.framework; path = karma/Parse.framework; sourceTree = "<group>"; };
		A8F929061AB2BCA8006AB6AB /* AudioToolbox.framework */ = {isa = PBXFileReference; lastKnownFileType = wrapper.framework; name = AudioToolbox.framework; path = System/Library/Frameworks/AudioToolbox.framework; sourceTree = SDKROOT; };
		A8F929081AB2BCBB006AB6AB /* CFNetwork.framework */ = {isa = PBXFileReference; lastKnownFileType = wrapper.framework; name = CFNetwork.framework; path = System/Library/Frameworks/CFNetwork.framework; sourceTree = SDKROOT; };
		A8F9290A1AB2BCC1006AB6AB /* CoreGraphics.framework */ = {isa = PBXFileReference; lastKnownFileType = wrapper.framework; name = CoreGraphics.framework; path = System/Library/Frameworks/CoreGraphics.framework; sourceTree = SDKROOT; };
		A8F9290C1AB2BCC6006AB6AB /* CoreLocation.framework */ = {isa = PBXFileReference; lastKnownFileType = wrapper.framework; name = CoreLocation.framework; path = System/Library/Frameworks/CoreLocation.framework; sourceTree = SDKROOT; };
		A8F9290E1AB2BCCC006AB6AB /* MobileCoreServices.framework */ = {isa = PBXFileReference; lastKnownFileType = wrapper.framework; name = MobileCoreServices.framework; path = System/Library/Frameworks/MobileCoreServices.framework; sourceTree = SDKROOT; };
		A8F929101AB2BCD2006AB6AB /* QuartzCore.framework */ = {isa = PBXFileReference; lastKnownFileType = wrapper.framework; name = QuartzCore.framework; path = System/Library/Frameworks/QuartzCore.framework; sourceTree = SDKROOT; };
		A8F929121AB2BCD8006AB6AB /* Security.framework */ = {isa = PBXFileReference; lastKnownFileType = wrapper.framework; name = Security.framework; path = System/Library/Frameworks/Security.framework; sourceTree = SDKROOT; };
		A8F929141AB2BCDD006AB6AB /* StoreKit.framework */ = {isa = PBXFileReference; lastKnownFileType = wrapper.framework; name = StoreKit.framework; path = System/Library/Frameworks/StoreKit.framework; sourceTree = SDKROOT; };
		A8F929161AB2BCE6006AB6AB /* SystemConfiguration.framework */ = {isa = PBXFileReference; lastKnownFileType = wrapper.framework; name = SystemConfiguration.framework; path = System/Library/Frameworks/SystemConfiguration.framework; sourceTree = SDKROOT; };
		A8F929181AB2BCEE006AB6AB /* libz.dylib */ = {isa = PBXFileReference; lastKnownFileType = "compiled.mach-o.dylib"; name = libz.dylib; path = usr/lib/libz.dylib; sourceTree = SDKROOT; };
		A8F9291A1AB2BCF7006AB6AB /* libsqlite3.dylib */ = {isa = PBXFileReference; lastKnownFileType = "compiled.mach-o.dylib"; name = libsqlite3.dylib; path = usr/lib/libsqlite3.dylib; sourceTree = SDKROOT; };
		A8F9291C1AB2BD3A006AB6AB /* karma-Bridging-Header.h */ = {isa = PBXFileReference; lastKnownFileType = sourcecode.c.h; path = "karma-Bridging-Header.h"; sourceTree = "<group>"; };
		A8F929201AB2C09A006AB6AB /* FacebookSDK.framework */ = {isa = PBXFileReference; lastKnownFileType = wrapper.framework; path = FacebookSDK.framework; sourceTree = "<group>"; };
		A8F929281AB2CB69006AB6AB /* LandingPageViewController.swift */ = {isa = PBXFileReference; fileEncoding = 4; lastKnownFileType = sourcecode.swift; name = LandingPageViewController.swift; path = ../LandingPageViewController.swift; sourceTree = "<group>"; };
		A8F9292A1AB2CBE8006AB6AB /* ParseFacebookUtils.framework */ = {isa = PBXFileReference; lastKnownFileType = wrapper.framework; path = ParseFacebookUtils.framework; sourceTree = "<group>"; };
		A8F929331AB5B936006AB6AB /* Base */ = {isa = PBXFileReference; lastKnownFileType = file.storyboard; name = Base; path = Base.lproj/Main.storyboard; sourceTree = "<group>"; };
		A8F929351AB5BADE006AB6AB /* ItemListTableViewController.swift */ = {isa = PBXFileReference; fileEncoding = 4; lastKnownFileType = sourcecode.swift; path = ItemListTableViewController.swift; sourceTree = "<group>"; };
/* End PBXFileReference section */

/* Begin PBXFrameworksBuildPhase section */
		A8F928DA1AB17BFB006AB6AB /* Frameworks */ = {
			isa = PBXFrameworksBuildPhase;
			buildActionMask = 2147483647;
			files = (
				A8F9291B1AB2BCF7006AB6AB /* libsqlite3.dylib in Frameworks */,
				A8F929191AB2BCEE006AB6AB /* libz.dylib in Frameworks */,
				A8F929171AB2BCE6006AB6AB /* SystemConfiguration.framework in Frameworks */,
				A8F929151AB2BCDD006AB6AB /* StoreKit.framework in Frameworks */,
				A8F929131AB2BCD8006AB6AB /* Security.framework in Frameworks */,
				A8F929111AB2BCD2006AB6AB /* QuartzCore.framework in Frameworks */,
				A8F9290F1AB2BCCC006AB6AB /* MobileCoreServices.framework in Frameworks */,
				A8F9290D1AB2BCC6006AB6AB /* CoreLocation.framework in Frameworks */,
				A8F9292B1AB2CBE8006AB6AB /* ParseFacebookUtils.framework in Frameworks */,
				A8F9290B1AB2BCC1006AB6AB /* CoreGraphics.framework in Frameworks */,
				A8F929091AB2BCBB006AB6AB /* CFNetwork.framework in Frameworks */,
				A8F929071AB2BCA8006AB6AB /* AudioToolbox.framework in Frameworks */,
				A8F929051AB2BC82006AB6AB /* Parse.framework in Frameworks */,
				A8F929041AB2BC82006AB6AB /* Bolts.framework in Frameworks */,
				A8F929211AB2C09A006AB6AB /* FacebookSDK.framework in Frameworks */,
			);
			runOnlyForDeploymentPostprocessing = 0;
		};
		A8F928EF1AB17BFB006AB6AB /* Frameworks */ = {
			isa = PBXFrameworksBuildPhase;
			buildActionMask = 2147483647;
			files = (
			);
			runOnlyForDeploymentPostprocessing = 0;
		};
/* End PBXFrameworksBuildPhase section */

/* Begin PBXGroup section */
		A8F928D41AB17BFB006AB6AB = {
			isa = PBXGroup;
			children = (
				A8F9291F1AB2BDDE006AB6AB /* Frameworks */,
				A8F928DF1AB17BFB006AB6AB /* karma */,
				A8F928F51AB17BFB006AB6AB /* karmaTests */,
				A8F928DE1AB17BFB006AB6AB /* Products */,
				A8F9291C1AB2BD3A006AB6AB /* karma-Bridging-Header.h */,
			);
			sourceTree = "<group>";
		};
		A8F928DE1AB17BFB006AB6AB /* Products */ = {
			isa = PBXGroup;
			children = (
				A8F928DD1AB17BFB006AB6AB /* karma.app */,
				A8F928F21AB17BFB006AB6AB /* karmaTests.xctest */,
			);
			name = Products;
			sourceTree = "<group>";
		};
		A8F928DF1AB17BFB006AB6AB /* karma */ = {
			isa = PBXGroup;
			children = (
				A8F929321AB5B936006AB6AB /* Main.storyboard */,
				A8F928E21AB17BFB006AB6AB /* AppDelegate.swift */,
				A8F929281AB2CB69006AB6AB /* LandingPageViewController.swift */,
				A8F3D7D91AB6C30B00F98297 /* EmailSignupViewController.swift */,
				A8F3D7D71AB6C23800F98297 /* EmailLoginViewController.swift */,
				A8F929351AB5BADE006AB6AB /* ItemListTableViewController.swift */,
				A8D04F011AB926A2005E8446 /* ItemListTableViewCell.swift */,
				A85F88401AB7161000064845 /* DetailedItemViewController.swift */,
				A85F883C1AB7113D00064845 /* ListingItemViewController.swift */,
				A85F883E1AB7135B00064845 /* UserProfileViewController.swift */,
				A8A65CB41AC1041600646F8E /* ChatWindowViewController.swift */,
				A8F928E91AB17BFB006AB6AB /* Images.xcassets */,
				A8F928EB1AB17BFB006AB6AB /* LaunchScreen.xib */,
				A8F928E01AB17BFB006AB6AB /* Supporting Files */,
			);
			path = karma;
			sourceTree = "<group>";
		};
		A8F928E01AB17BFB006AB6AB /* Supporting Files */ = {
			isa = PBXGroup;
			children = (
				A8F928E11AB17BFB006AB6AB /* Info.plist */,
			);
			name = "Supporting Files";
			sourceTree = "<group>";
		};
		A8F928F51AB17BFB006AB6AB /* karmaTests */ = {
			isa = PBXGroup;
			children = (
				A8F928F81AB17BFB006AB6AB /* karmaTests.swift */,
				A8F928F61AB17BFB006AB6AB /* Supporting Files */,
			);
			path = karmaTests;
			sourceTree = "<group>";
		};
		A8F928F61AB17BFB006AB6AB /* Supporting Files */ = {
			isa = PBXGroup;
			children = (
				A8F928F71AB17BFB006AB6AB /* Info.plist */,
			);
			name = "Supporting Files";
			sourceTree = "<group>";
		};
		A8F9291F1AB2BDDE006AB6AB /* Frameworks */ = {
			isa = PBXGroup;
			children = (
				A8F9292A1AB2CBE8006AB6AB /* ParseFacebookUtils.framework */,
				A8F929201AB2C09A006AB6AB /* FacebookSDK.framework */,
				A8F929031AB2BC82006AB6AB /* Parse.framework */,
				A8F929021AB2BC82006AB6AB /* Bolts.framework */,
				A8F9291A1AB2BCF7006AB6AB /* libsqlite3.dylib */,
				A8F929181AB2BCEE006AB6AB /* libz.dylib */,
				A8F929161AB2BCE6006AB6AB /* SystemConfiguration.framework */,
				A8F929141AB2BCDD006AB6AB /* StoreKit.framework */,
				A8F929121AB2BCD8006AB6AB /* Security.framework */,
				A8F929101AB2BCD2006AB6AB /* QuartzCore.framework */,
				A8F9290E1AB2BCCC006AB6AB /* MobileCoreServices.framework */,
				A8F9290C1AB2BCC6006AB6AB /* CoreLocation.framework */,
				A8F9290A1AB2BCC1006AB6AB /* CoreGraphics.framework */,
				A8F929081AB2BCBB006AB6AB /* CFNetwork.framework */,
				A8F929061AB2BCA8006AB6AB /* AudioToolbox.framework */,
			);
			name = Frameworks;
			sourceTree = "<group>";
		};
/* End PBXGroup section */

/* Begin PBXNativeTarget section */
		A8F928DC1AB17BFB006AB6AB /* karma */ = {
			isa = PBXNativeTarget;
			buildConfigurationList = A8F928FC1AB17BFB006AB6AB /* Build configuration list for PBXNativeTarget "karma" */;
			buildPhases = (
				A8F928D91AB17BFB006AB6AB /* Sources */,
				A8F928DA1AB17BFB006AB6AB /* Frameworks */,
				A8F928DB1AB17BFB006AB6AB /* Resources */,
			);
			buildRules = (
			);
			dependencies = (
			);
			name = karma;
			productName = karma;
			productReference = A8F928DD1AB17BFB006AB6AB /* karma.app */;
			productType = "com.apple.product-type.application";
		};
		A8F928F11AB17BFB006AB6AB /* karmaTests */ = {
			isa = PBXNativeTarget;
			buildConfigurationList = A8F928FF1AB17BFB006AB6AB /* Build configuration list for PBXNativeTarget "karmaTests" */;
			buildPhases = (
				A8F928EE1AB17BFB006AB6AB /* Sources */,
				A8F928EF1AB17BFB006AB6AB /* Frameworks */,
				A8F928F01AB17BFB006AB6AB /* Resources */,
			);
			buildRules = (
			);
			dependencies = (
				A8F928F41AB17BFB006AB6AB /* PBXTargetDependency */,
			);
			name = karmaTests;
			productName = karmaTests;
			productReference = A8F928F21AB17BFB006AB6AB /* karmaTests.xctest */;
			productType = "com.apple.product-type.bundle.unit-test";
		};
/* End PBXNativeTarget section */

/* Begin PBXProject section */
		A8F928D51AB17BFB006AB6AB /* Project object */ = {
			isa = PBXProject;
			attributes = {
				LastUpgradeCheck = 0620;
				ORGANIZATIONNAME = Agustiadi;
				TargetAttributes = {
					A8F928DC1AB17BFB006AB6AB = {
						CreatedOnToolsVersion = 6.2;
					};
					A8F928F11AB17BFB006AB6AB = {
						CreatedOnToolsVersion = 6.2;
						TestTargetID = A8F928DC1AB17BFB006AB6AB;
					};
				};
			};
			buildConfigurationList = A8F928D81AB17BFB006AB6AB /* Build configuration list for PBXProject "karma" */;
			compatibilityVersion = "Xcode 3.2";
			developmentRegion = English;
			hasScannedForEncodings = 0;
			knownRegions = (
				en,
				Base,
			);
			mainGroup = A8F928D41AB17BFB006AB6AB;
			productRefGroup = A8F928DE1AB17BFB006AB6AB /* Products */;
			projectDirPath = "";
			projectRoot = "";
			targets = (
				A8F928DC1AB17BFB006AB6AB /* karma */,
				A8F928F11AB17BFB006AB6AB /* karmaTests */,
			);
		};
/* End PBXProject section */

/* Begin PBXResourcesBuildPhase section */
		A8F928DB1AB17BFB006AB6AB /* Resources */ = {
			isa = PBXResourcesBuildPhase;
			buildActionMask = 2147483647;
			files = (
				A8F929341AB5B936006AB6AB /* Main.storyboard in Resources */,
				A8F928ED1AB17BFB006AB6AB /* LaunchScreen.xib in Resources */,
				A8F928EA1AB17BFB006AB6AB /* Images.xcassets in Resources */,
			);
			runOnlyForDeploymentPostprocessing = 0;
		};
		A8F928F01AB17BFB006AB6AB /* Resources */ = {
			isa = PBXResourcesBuildPhase;
			buildActionMask = 2147483647;
			files = (
			);
			runOnlyForDeploymentPostprocessing = 0;
		};
/* End PBXResourcesBuildPhase section */

/* Begin PBXSourcesBuildPhase section */
		A8F928D91AB17BFB006AB6AB /* Sources */ = {
			isa = PBXSourcesBuildPhase;
			buildActionMask = 2147483647;
			files = (
				A8A65CB51AC1041600646F8E /* ChatWindowViewController.swift in Sources */,
				A8F929291AB2CB69006AB6AB /* LandingPageViewController.swift in Sources */,
				A8F3D7DA1AB6C30B00F98297 /* EmailSignupViewController.swift in Sources */,
				A85F88411AB7161000064845 /* DetailedItemViewController.swift in Sources */,
				A85F883F1AB7135B00064845 /* UserProfileViewController.swift in Sources */,
				A85F883D1AB7113D00064845 /* ListingItemViewController.swift in Sources */,
				A8D04F021AB926A2005E8446 /* ItemListTableViewCell.swift in Sources */,
				A8F3D7D81AB6C23800F98297 /* EmailLoginViewController.swift in Sources */,
				A8F928E31AB17BFB006AB6AB /* AppDelegate.swift in Sources */,
				A8F929361AB5BADE006AB6AB /* ItemListTableViewController.swift in Sources */,
			);
			runOnlyForDeploymentPostprocessing = 0;
		};
		A8F928EE1AB17BFB006AB6AB /* Sources */ = {
			isa = PBXSourcesBuildPhase;
			buildActionMask = 2147483647;
			files = (
				A8F928F91AB17BFB006AB6AB /* karmaTests.swift in Sources */,
			);
			runOnlyForDeploymentPostprocessing = 0;
		};
/* End PBXSourcesBuildPhase section */

/* Begin PBXTargetDependency section */
		A8F928F41AB17BFB006AB6AB /* PBXTargetDependency */ = {
			isa = PBXTargetDependency;
			target = A8F928DC1AB17BFB006AB6AB /* karma */;
			targetProxy = A8F928F31AB17BFB006AB6AB /* PBXContainerItemProxy */;
		};
/* End PBXTargetDependency section */

/* Begin PBXVariantGroup section */
		A8F928EB1AB17BFB006AB6AB /* LaunchScreen.xib */ = {
			isa = PBXVariantGroup;
			children = (
				A8F928EC1AB17BFB006AB6AB /* Base */,
			);
			name = LaunchScreen.xib;
			sourceTree = "<group>";
		};
		A8F929321AB5B936006AB6AB /* Main.storyboard */ = {
			isa = PBXVariantGroup;
			children = (
				A8F929331AB5B936006AB6AB /* Base */,
			);
			name = Main.storyboard;
			sourceTree = "<group>";
		};
/* End PBXVariantGroup section */

/* Begin XCBuildConfiguration section */
		A8F928FA1AB17BFB006AB6AB /* Debug */ = {
			isa = XCBuildConfiguration;
			buildSettings = {
				ALWAYS_SEARCH_USER_PATHS = NO;
				CLANG_CXX_LANGUAGE_STANDARD = "gnu++0x";
				CLANG_CXX_LIBRARY = "libc++";
				CLANG_ENABLE_MODULES = YES;
				CLANG_ENABLE_OBJC_ARC = YES;
				CLANG_WARN_BOOL_CONVERSION = YES;
				CLANG_WARN_CONSTANT_CONVERSION = YES;
				CLANG_WARN_DIRECT_OBJC_ISA_USAGE = YES_ERROR;
				CLANG_WARN_EMPTY_BODY = YES;
				CLANG_WARN_ENUM_CONVERSION = YES;
				CLANG_WARN_INT_CONVERSION = YES;
				CLANG_WARN_OBJC_ROOT_CLASS = YES_ERROR;
				CLANG_WARN_UNREACHABLE_CODE = YES;
				CLANG_WARN__DUPLICATE_METHOD_MATCH = YES;
				"CODE_SIGN_IDENTITY[sdk=iphoneos*]" = "iPhone Developer";
				COPY_PHASE_STRIP = NO;
				ENABLE_STRICT_OBJC_MSGSEND = YES;
				GCC_C_LANGUAGE_STANDARD = gnu99;
				GCC_DYNAMIC_NO_PIC = NO;
				GCC_OPTIMIZATION_LEVEL = 0;
				GCC_PREPROCESSOR_DEFINITIONS = (
					"DEBUG=1",
					"$(inherited)",
				);
				GCC_SYMBOLS_PRIVATE_EXTERN = NO;
				GCC_WARN_64_TO_32_BIT_CONVERSION = YES;
				GCC_WARN_ABOUT_RETURN_TYPE = YES_ERROR;
				GCC_WARN_UNDECLARED_SELECTOR = YES;
				GCC_WARN_UNINITIALIZED_AUTOS = YES_AGGRESSIVE;
				GCC_WARN_UNUSED_FUNCTION = YES;
				GCC_WARN_UNUSED_VARIABLE = YES;
				IPHONEOS_DEPLOYMENT_TARGET = 8.2;
				MTL_ENABLE_DEBUG_INFO = YES;
				ONLY_ACTIVE_ARCH = YES;
				SDKROOT = iphoneos;
				SWIFT_OPTIMIZATION_LEVEL = "-Onone";
			};
			name = Debug;
		};
		A8F928FB1AB17BFB006AB6AB /* Release */ = {
			isa = XCBuildConfiguration;
			buildSettings = {
				ALWAYS_SEARCH_USER_PATHS = NO;
				CLANG_CXX_LANGUAGE_STANDARD = "gnu++0x";
				CLANG_CXX_LIBRARY = "libc++";
				CLANG_ENABLE_MODULES = YES;
				CLANG_ENABLE_OBJC_ARC = YES;
				CLANG_WARN_BOOL_CONVERSION = YES;
				CLANG_WARN_CONSTANT_CONVERSION = YES;
				CLANG_WARN_DIRECT_OBJC_ISA_USAGE = YES_ERROR;
				CLANG_WARN_EMPTY_BODY = YES;
				CLANG_WARN_ENUM_CONVERSION = YES;
				CLANG_WARN_INT_CONVERSION = YES;
				CLANG_WARN_OBJC_ROOT_CLASS = YES_ERROR;
				CLANG_WARN_UNREACHABLE_CODE = YES;
				CLANG_WARN__DUPLICATE_METHOD_MATCH = YES;
				"CODE_SIGN_IDENTITY[sdk=iphoneos*]" = "iPhone Developer";
				COPY_PHASE_STRIP = NO;
				ENABLE_NS_ASSERTIONS = NO;
				ENABLE_STRICT_OBJC_MSGSEND = YES;
				GCC_C_LANGUAGE_STANDARD = gnu99;
				GCC_WARN_64_TO_32_BIT_CONVERSION = YES;
				GCC_WARN_ABOUT_RETURN_TYPE = YES_ERROR;
				GCC_WARN_UNDECLARED_SELECTOR = YES;
				GCC_WARN_UNINITIALIZED_AUTOS = YES_AGGRESSIVE;
				GCC_WARN_UNUSED_FUNCTION = YES;
				GCC_WARN_UNUSED_VARIABLE = YES;
				IPHONEOS_DEPLOYMENT_TARGET = 8.2;
				MTL_ENABLE_DEBUG_INFO = NO;
				SDKROOT = iphoneos;
				VALIDATE_PRODUCT = YES;
			};
			name = Release;
		};
		A8F928FD1AB17BFB006AB6AB /* Debug */ = {
			isa = XCBuildConfiguration;
			buildSettings = {
				ASSETCATALOG_COMPILER_APPICON_NAME = AppIcon;
				CLANG_ENABLE_MODULES = YES;
				FRAMEWORK_SEARCH_PATHS = (
					"$(inherited)",
					"$(PROJECT_DIR)/karma",
					"$(PROJECT_DIR)",
				);
				INFOPLIST_FILE = karma/Info.plist;
				LD_RUNPATH_SEARCH_PATHS = "$(inherited) @executable_path/Frameworks";
				PRODUCT_NAME = "$(TARGET_NAME)";
				SWIFT_OBJC_BRIDGING_HEADER = "karma-Bridging-Header.h";
				SWIFT_OPTIMIZATION_LEVEL = "-Onone";
			};
			name = Debug;
		};
		A8F928FE1AB17BFB006AB6AB /* Release */ = {
			isa = XCBuildConfiguration;
			buildSettings = {
				ASSETCATALOG_COMPILER_APPICON_NAME = AppIcon;
				CLANG_ENABLE_MODULES = YES;
				FRAMEWORK_SEARCH_PATHS = (
					"$(inherited)",
					"$(PROJECT_DIR)/karma",
					"$(PROJECT_DIR)",
				);
				INFOPLIST_FILE = karma/Info.plist;
				LD_RUNPATH_SEARCH_PATHS = "$(inherited) @executable_path/Frameworks";
				PRODUCT_NAME = "$(TARGET_NAME)";
				SWIFT_OBJC_BRIDGING_HEADER = "karma-Bridging-Header.h";
			};
			name = Release;
		};
		A8F929001AB17BFB006AB6AB /* Debug */ = {
			isa = XCBuildConfiguration;
			buildSettings = {
				BUNDLE_LOADER = "$(TEST_HOST)";
				FRAMEWORK_SEARCH_PATHS = (
					"$(SDKROOT)/Developer/Library/Frameworks",
					"$(inherited)",
				);
				GCC_PREPROCESSOR_DEFINITIONS = (
					"DEBUG=1",
					"$(inherited)",
				);
				INFOPLIST_FILE = karmaTests/Info.plist;
				LD_RUNPATH_SEARCH_PATHS = "$(inherited) @executable_path/Frameworks @loader_path/Frameworks";
				PRODUCT_NAME = "$(TARGET_NAME)";
				TEST_HOST = "$(BUILT_PRODUCTS_DIR)/karma.app/karma";
			};
			name = Debug;
		};
		A8F929011AB17BFB006AB6AB /* Release */ = {
			isa = XCBuildConfiguration;
			buildSettings = {
				BUNDLE_LOADER = "$(TEST_HOST)";
				FRAMEWORK_SEARCH_PATHS = (
					"$(SDKROOT)/Developer/Library/Frameworks",
					"$(inherited)",
				);
				INFOPLIST_FILE = karmaTests/Info.plist;
				LD_RUNPATH_SEARCH_PATHS = "$(inherited) @executable_path/Frameworks @loader_path/Frameworks";
				PRODUCT_NAME = "$(TARGET_NAME)";
				TEST_HOST = "$(BUILT_PRODUCTS_DIR)/karma.app/karma";
			};
			name = Release;
		};
/* End XCBuildConfiguration section */

/* Begin XCConfigurationList section */
		A8F928D81AB17BFB006AB6AB /* Build configuration list for PBXProject "karma" */ = {
			isa = XCConfigurationList;
			buildConfigurations = (
				A8F928FA1AB17BFB006AB6AB /* Debug */,
				A8F928FB1AB17BFB006AB6AB /* Release */,
			);
			defaultConfigurationIsVisible = 0;
			defaultConfigurationName = Release;
		};
		A8F928FC1AB17BFB006AB6AB /* Build configuration list for PBXNativeTarget "karma" */ = {
			isa = XCConfigurationList;
			buildConfigurations = (
				A8F928FD1AB17BFB006AB6AB /* Debug */,
				A8F928FE1AB17BFB006AB6AB /* Release */,
			);
			defaultConfigurationIsVisible = 0;
			defaultConfigurationName = Release;
		};
		A8F928FF1AB17BFB006AB6AB /* Build configuration list for PBXNativeTarget "karmaTests" */ = {
			isa = XCConfigurationList;
			buildConfigurations = (
				A8F929001AB17BFB006AB6AB /* Debug */,
				A8F929011AB17BFB006AB6AB /* Release */,
			);
			defaultConfigurationIsVisible = 0;
			defaultConfigurationName = Release;
		};
/* End XCConfigurationList section */
	};
	rootObject = A8F928D51AB17BFB006AB6AB /* Project object */;
}
